
Microsoft Visual Studio Solution File, Format Version 12.00
# Visual Studio Version 17
VisualStudioVersion = 17.9.34728.123
MinimumVisualStudioVersion = 10.0.40219.1
Project("{FAE04EC0-301F-11D3-BF4B-00C04F79EFBC}") = "Backend", "Backend\Backend.csproj", "{6A96B18A-3384-410C-BB2F-FC490426E0C5}"
EndProject
Global
	GlobalSection(SolutionConfigurationPlatforms) = preSolution
		Debug|Any CPU = Debug|Any CPU
		Release|Any CPU = Release|Any CPU
	EndGlobalSection
	GlobalSection(ProjectConfigurationPlatforms) = postSolution
		{6A96B18A-3384-410C-BB2F-FC490426E0C5}.Debug|Any CPU.ActiveCfg = Debug|Any CPU
		{6A96B18A-3384-410C-BB2F-FC490426E0C5}.Debug|Any CPU.Build.0 = Debug|Any CPU
		{6A96B18A-3384-410C-BB2F-FC490426E0C5}.Release|Any CPU.ActiveCfg = Release|Any CPU
		{6A96B18A-3384-410C-BB2F-FC490426E0C5}.Release|Any CPU.Build.0 = Release|Any CPU
	EndGlobalSection
	GlobalSection(SolutionProperties) = preSolution
		HideSolutionNode = FALSE
	EndGlobalSection
	GlobalSection(ExtensibilityGlobals) = postSolution
		SolutionGuid = {6CAED07F-CEAF-4F5A-9D8E-0A7958C8E492}
	EndGlobalSection
EndGlobal
